
Microsoft Visual Studio Solution File, Format Version 12.00
Project("{FAE04EC0-301F-11D3-BF4B-00C04F79EFBC}") = "HSEBank", "HSEBank\HSEBank.csproj", "{C224FA6D-DDD7-457E-A8EC-AE92E71DC761}"
EndProject
Project("{FAE04EC0-301F-11D3-BF4B-00C04F79EFBC}") = "TestProject1", "TestProject1\TestProject1.csproj", "{611190D9-A719-49E8-88E5-41C4940381EC}"
EndProject
Global
	GlobalSection(SolutionConfigurationPlatforms) = preSolution
		Debug|Any CPU = Debug|Any CPU
		Release|Any CPU = Release|Any CPU
	EndGlobalSection
	GlobalSection(ProjectConfigurationPlatforms) = postSolution
		{C224FA6D-DDD7-457E-A8EC-AE92E71DC761}.Debug|Any CPU.ActiveCfg = Debug|Any CPU
		{C224FA6D-DDD7-457E-A8EC-AE92E71DC761}.Debug|Any CPU.Build.0 = Debug|Any CPU
		{C224FA6D-DDD7-457E-A8EC-AE92E71DC761}.Release|Any CPU.ActiveCfg = Release|Any CPU
		{C224FA6D-DDD7-457E-A8EC-AE92E71DC761}.Release|Any CPU.Build.0 = Release|Any CPU
		{611190D9-A719-49E8-88E5-41C4940381EC}.Debug|Any CPU.ActiveCfg = Debug|Any CPU
		{611190D9-A719-49E8-88E5-41C4940381EC}.Debug|Any CPU.Build.0 = Debug|Any CPU
		{611190D9-A719-49E8-88E5-41C4940381EC}.Release|Any CPU.ActiveCfg = Release|Any CPU
		{611190D9-A719-49E8-88E5-41C4940381EC}.Release|Any CPU.Build.0 = Release|Any CPU
	EndGlobalSection
EndGlobal
